<?xml version="1.0" encoding="utf-8"?>
<Project ToolsVersion="4.0" xmlns="http://schemas.microsoft.com/developer/msbuild/2003">
  <ItemGroup>
    <Filter Include="Engine">
      <UniqueIdentifier>{e0a3e976-cc16-49b2-9847-a2683c06224f}</UniqueIdentifier>
    </Filter>
    <Filter Include="Engine\Header Files">
      <UniqueIdentifier>{93995380-89BD-4b04-88EB-625FBE52EBFB}</UniqueIdentifier>
      <Extensions>h;hpp;hxx;hm;inl;inc;xsd</Extensions>
    </Filter>
    <Filter Include="Engine\Source Files">
      <UniqueIdentifier>{4FC737F1-C7A5-4376-A066-2A32D752A2FF}</UniqueIdentifier>
      <Extensions>cpp;c;cc;cxx;def;odl;idl;hpj;bat;asm;asmx</Extensions>
    </Filter>
    <Filter Include="Engine\Resource Files">
      <UniqueIdentifier>{67DA6AB6-F800-4c08-8B7A-83BB121AAD01}</UniqueIdentifier>
      <Extensions>rc;ico;cur;bmp;dlg;rc2;rct;bin;rgs;gif;jpg;jpeg;jpe;resx;tiff;tif;png;wav;mfcribbon-ms</Extensions>
    </Filter>
    <Filter Include="GamePlay">
      <UniqueIdentifier>{1d9ef499-80e3-4246-9b45-e75a79f174f4}</UniqueIdentifier>
    </Filter>
    <Filter Include="GamePlay\Header Files">
      <UniqueIdentifier>{af85d8b3-ebfe-49f6-b34a-10139109fd43}</UniqueIdentifier>
    </Filter>
    <Filter Include="GamePlay\Source Files">
      <UniqueIdentifier>{956fad19-8058-444b-a8ca-6f420b7d5a01}</UniqueIdentifier>
    </Filter>
  </ItemGroup>
  <ItemGroup>
    <ClCompile Include="Engine.cpp">
      <Filter>Engine\Source Files</Filter>
    </ClCompile>
    <ClCompile Include="Input.cpp">
      <Filter>Engine\Source Files</Filter>
    </ClCompile>
    <ClCompile Include="State.cpp">
      <Filter>Engine\Source Files</Filter>
    </ClCompile>
    <ClCompile Include="DeviceEnumeration.cpp">
      <Filter>Engine\Source Files</Filter>
    </ClCompile>
    <ClCompile Include="Font.cpp">
      <Filter>Engine\Source Files</Filter>
    </ClCompile>
    <ClCompile Include="Scripting.cpp">
      <Filter>Engine\Source Files</Filter>
    </ClCompile>
    <ClCompile Include="SoundSystem.cpp">
      <Filter>Engine\Source Files</Filter>
    </ClCompile>
    <ClCompile Include="Network.cpp">
      <Filter>Engine\Source Files</Filter>
    </ClCompile>
    <ClCompile Include="Material.cpp">
      <Filter>Engine\Source Files</Filter>
    </ClCompile>
    <ClCompile Include="Mesh.cpp">
      <Filter>Engine\Source Files</Filter>
    </ClCompile>
    <ClCompile Include="BoundingVolume.cpp">
      <Filter>Engine\Source Files</Filter>
    </ClCompile>
    <ClCompile Include="SceneObject.cpp">
      <Filter>Engine\Source Files</Filter>
    </ClCompile>
    <ClCompile Include="AnimatedObject.cpp">
      <Filter>Engine\Source Files</Filter>
    </ClCompile>
    <ClCompile Include="SpawnerObject.cpp">
      <Filter>Engine\Source Files</Filter>
    </ClCompile>
    <ClCompile Include="SceneManager.cpp">
      <Filter>Engine\Source Files</Filter>
    </ClCompile>
    <ClCompile Include="RenderCache.cpp">
      <Filter>Engine\Source Files</Filter>
    </ClCompile>
    <ClCompile Include="ViewFrustum.cpp">
      <Filter>Engine\Source Files</Filter>
    </ClCompile>
    <ClCompile Include="Game.cpp">
      <Filter>GamePlay\Source Files</Filter>
    </ClCompile>
    <ClCompile Include="GameMaterial.cpp">
      <Filter>GamePlay\Source Files</Filter>
    </ClCompile>
    <ClCompile Include="Main.cpp">
      <Filter>GamePlay\Source Files</Filter>
    </ClCompile>
    <ClCompile Include="Menu.cpp">
      <Filter>GamePlay\Source Files</Filter>
    </ClCompile>
    <ClCompile Include="PlayerManager.cpp">
      <Filter>GamePlay\Source Files</Filter>
    </ClCompile>
    <ClCompile Include="PlayerObject.cpp">
      <Filter>GamePlay\Source Files</Filter>
    </ClCompile>
    <ClCompile Include="Bullet.cpp">
      <Filter>GamePlay\Source Files</Filter>
    </ClCompile>
    <ClCompile Include="Weapon.cpp">
      <Filter>GamePlay\Source Files</Filter>
    </ClCompile>
  </ItemGroup>
  <ItemGroup>
    <ClInclude Include="Engine.h">
      <Filter>Engine\Header Files</Filter>
    </ClInclude>
    <ClInclude Include="Geometry.h">
      <Filter>Engine\Header Files</Filter>
    </ClInclude>
    <ClInclude Include="Input.h">
      <Filter>Engine\Header Files</Filter>
    </ClInclude>
    <ClInclude Include="LinkedList.h">
      <Filter>Engine\Header Files</Filter>
    </ClInclude>
    <ClInclude Include="ResourceManagement.h">
      <Filter>Engine\Header Files</Filter>
    </ClInclude>
    <ClInclude Include="State.h">
      <Filter>Engine\Header Files</Filter>
    </ClInclude>
    <ClInclude Include="DeviceEnumeration.h">
      <Filter>Engine\Header Files</Filter>
    </ClInclude>
    <ClInclude Include="Font.h">
      <Filter>Engine\Header Files</Filter>
    </ClInclude>
    <ClInclude Include="Scripting.h">
      <Filter>Engine\Header Files</Filter>
    </ClInclude>
    <ClInclude Include="resource.h">
      <Filter>Engine\Header Files</Filter>
    </ClInclude>
    <ClInclude Include="SoundSystem.h">
      <Filter>Engine\Header Files</Filter>
    </ClInclude>
    <ClInclude Include="Network.h">
      <Filter>Engine\Header Files</Filter>
    </ClInclude>
    <ClInclude Include="Material.h">
      <Filter>Engine\Header Files</Filter>
    </ClInclude>
    <ClInclude Include="Mesh.h">
      <Filter>Engine\Header Files</Filter>
    </ClInclude>
    <ClInclude Include="BoundingVolume.h">
      <Filter>Engine\Header Files</Filter>
    </ClInclude>
    <ClInclude Include="SceneObject.h">
      <Filter>Engine\Header Files</Filter>
    </ClInclude>
    <ClInclude Include="AnimatedObject.h">
      <Filter>Engine\Header Files</Filter>
    </ClInclude>
    <ClInclude Include="SpawnerObject.h">
      <Filter>Engine\Header Files</Filter>
    </ClInclude>
    <ClInclude Include="CollisionDetection.h">
      <Filter>Engine\Header Files</Filter>
    </ClInclude>
    <ClInclude Include="SceneManager.h">
      <Filter>Engine\Header Files</Filter>
    </ClInclude>
    <ClInclude Include="RenderCache.h">
      <Filter>Engine\Header Files</Filter>
    </ClInclude>
    <ClInclude Include="ViewFrustum.h">
      <Filter>Engine\Header Files</Filter>
    </ClInclude>
    <ClInclude Include="Game.h">
      <Filter>GamePlay\Header Files</Filter>
    </ClInclude>
    <ClInclude Include="GameMaterial.h">
      <Filter>GamePlay\Header Files</Filter>
    </ClInclude>
    <ClInclude Include="Main.h">
      <Filter>GamePlay\Header Files</Filter>
    </ClInclude>
    <ClInclude Include="Menu.h">
      <Filter>GamePlay\Header Files</Filter>
    </ClInclude>
    <ClInclude Include="PlayerManager.h">
      <Filter>GamePlay\Header Files</Filter>
    </ClInclude>
    <ClInclude Include="PlayerObject.h">
      <Filter>GamePlay\Header Files</Filter>
    </ClInclude>
    <ClInclude Include="Bullet.h">
      <Filter>GamePlay\Header Files</Filter>
    </ClInclude>
    <ClInclude Include="Weapon.h">
      <Filter>GamePlay\Header Files</Filter>
    </ClInclude>
  </ItemGroup>
  <ItemGroup>
    <ResourceCompile Include="game.rc">
      <Filter>Engine\Resource Files</Filter>
    </ResourceCompile>
  </ItemGroup>
</Project>